
Microsoft Visual Studio Solution File, Format Version 12.00
# Visual Studio 15
Project("{FAE04EC0-301F-11D3-BF4B-00C04F79EFBC}") = "UnityEngine.TestRunner", "UnityEngine.TestRunner.csproj", "{8FEA807F-65CC-778B-F1F6-5B0141CC6CD4}"
EndProject
Project("{FAE04EC0-301F-11D3-BF4B-00C04F79EFBC}") = "Unity.Mathematics", "Unity.Mathematics.csproj", "{6F5E0C56-6E49-7A11-F51B-DAE94218BF9D}"
EndProject
Project("{FAE04EC0-301F-11D3-BF4B-00C04F79EFBC}") = "Unity.2D.Animation.Triangle.Runtime", "Unity.2D.Animation.Triangle.Runtime.csproj", "{A3305C52-8826-3DC4-9E28-0CCEEC8E282A}"
EndProject
Project("{FAE04EC0-301F-11D3-BF4B-00C04F79EFBC}") = "Unity.Timeline", "Unity.Timeline.csproj", "{3BE423B3-8ED0-C6FC-0302-79D50DC8BD36}"
EndProject
Project("{FAE04EC0-301F-11D3-BF4B-00C04F79EFBC}") = "UnityEngine.UI", "UnityEngine.UI.csproj", "{651BFD1F-6D99-61DA-CD13-2264EEC371F6}"
EndProject
Project("{FAE04EC0-301F-11D3-BF4B-00C04F79EFBC}") = "Assembly-CSharp", "Assembly-CSharp.csproj", "{8138F823-1DC5-E6F5-9C9A-8658B1F5EA77}"
EndProject
Project("{FAE04EC0-301F-11D3-BF4B-00C04F79EFBC}") = "Unity.TextMeshPro", "Unity.TextMeshPro.csproj", "{338CF678-BA13-433D-7587-5569B85FB9AB}"
EndProject
Project("{FAE04EC0-301F-11D3-BF4B-00C04F79EFBC}") = "Unity.2D.Animation.Runtime", "Unity.2D.Animation.Runtime.csproj", "{083A7C49-3A6B-8E23-D1F6-731E78E9D782}"
EndProject
Project("{FAE04EC0-301F-11D3-BF4B-00C04F79EFBC}") = "Unity.2D.IK.Runtime", "Unity.2D.IK.Runtime.csproj", "{567C6A6A-A087-B7E4-A366-973CBCFAC864}"
EndProject
Project("{FAE04EC0-301F-11D3-BF4B-00C04F79EFBC}") = "Unity.2D.SpriteShape.Runtime", "Unity.2D.SpriteShape.Runtime.csproj", "{897EFE8D-45A3-65E2-C8B1-171AC7F326FB}"
EndProject
Project("{FAE04EC0-301F-11D3-BF4B-00C04F79EFBC}") = "Unity.2D.PixelPerfect", "Unity.2D.PixelPerfect.csproj", "{C01E25F1-34AA-E3A7-2BAA-6129A9477104}"
EndProject
Project("{FAE04EC0-301F-11D3-BF4B-00C04F79EFBC}") = "Unity.2D.Common.Runtime", "Unity.2D.Common.Runtime.csproj", "{8FD0A1F6-702B-BEDC-9775-F46EC682ECE9}"
EndProject
Project("{FAE04EC0-301F-11D3-BF4B-00C04F79EFBC}") = "Unity.InternalAPIEngineBridge.001", "Unity.InternalAPIEngineBridge.001.csproj", "{2C6D7A3B-0247-EDC3-30EE-BAB8ED681EBF}"
EndProject
Project("{FAE04EC0-301F-11D3-BF4B-00C04F79EFBC}") = "UnityEditor.TestRunner", "UnityEditor.TestRunner.csproj", "{F2301E51-9B9A-5E29-A2BE-0612F35CB4AE}"
EndProject
Project("{FAE04EC0-301F-11D3-BF4B-00C04F79EFBC}") = "UnityEditor.UI", "UnityEditor.UI.csproj", "{845608A0-C78E-7DB1-A332-7BDDDDB14C30}"
EndProject
Project("{FAE04EC0-301F-11D3-BF4B-00C04F79EFBC}") = "Unity.Timeline.Editor", "Unity.Timeline.Editor.csproj", "{E098BFD1-8454-ED1C-9F7F-5FA69069000D}"
EndProject
Project("{FAE04EC0-301F-11D3-BF4B-00C04F79EFBC}") = "Unity.VisualStudio.Editor", "Unity.VisualStudio.Editor.csproj", "{7DCB6E27-4350-D3F7-3666-04889DFD34CC}"
EndProject
Project("{FAE04EC0-301F-11D3-BF4B-00C04F79EFBC}") = "Unity.2D.Psdimporter.Editor", "Unity.2D.Psdimporter.Editor.csproj", "{B184344F-D1CF-2F9B-A14C-1FC310AC2DCF}"
EndProject
Project("{FAE04EC0-301F-11D3-BF4B-00C04F79EFBC}") = "Unity.2D.Animation.Editor", "Unity.2D.Animation.Editor.csproj", "{671C6360-79C8-5060-C540-E57A9A99FB19}"
EndProject
Project("{FAE04EC0-301F-11D3-BF4B-00C04F79EFBC}") = "Unity.TextMeshPro.Editor", "Unity.TextMeshPro.Editor.csproj", "{1D9ECC4F-A37E-3A16-E195-8048B37006F1}"
EndProject
Project("{FAE04EC0-301F-11D3-BF4B-00C04F79EFBC}") = "Unity.2D.SpriteShape.Editor", "Unity.2D.SpriteShape.Editor.csproj", "{E7CD0B31-3192-A182-3D89-28B4549C4034}"
EndProject
Project("{FAE04EC0-301F-11D3-BF4B-00C04F79EFBC}") = "Unity.CollabProxy.Editor", "Unity.CollabProxy.Editor.csproj", "{1EC2EE7D-B651-035C-21EE-84B966435E27}"
EndProject
Project("{FAE04EC0-301F-11D3-BF4B-00C04F79EFBC}") = "PsdPlugin", "PsdPlugin.csproj", "{D844FA80-36B6-9944-7440-B1060F5C68B3}"
EndProject
Project("{FAE04EC0-301F-11D3-BF4B-00C04F79EFBC}") = "Unity.2D.Path.Editor", "Unity.2D.Path.Editor.csproj", "{4F2A5E6A-9B7C-3E17-1E8E-D20C1FF5EA48}"
EndProject
Project("{FAE04EC0-301F-11D3-BF4B-00C04F79EFBC}") = "Unity.Rider.Editor", "Unity.Rider.Editor.csproj", "{3F07859A-6DC7-10D7-4F68-9D20DEE30860}"
EndProject
Project("{FAE04EC0-301F-11D3-BF4B-00C04F79EFBC}") = "Unity.2D.IK.Editor", "Unity.2D.IK.Editor.csproj", "{50503F1D-2643-0A61-9CB1-9D4ACDC493BB}"
EndProject
Project("{FAE04EC0-301F-11D3-BF4B-00C04F79EFBC}") = "Unity.2D.Sprite.Editor", "Unity.2D.Sprite.Editor.csproj", "{03AAEE5D-A81D-5D9E-EDDB-68B9E90A66A9}"
EndProject
Project("{FAE04EC0-301F-11D3-BF4B-00C04F79EFBC}") = "Unity.2D.Tilemap.Editor", "Unity.2D.Tilemap.Editor.csproj", "{90614053-2636-60B6-D6D7-C28CB0CB3FFA}"
EndProject
Project("{FAE04EC0-301F-11D3-BF4B-00C04F79EFBC}") = "Unity.2D.PixelPerfect.Editor", "Unity.2D.PixelPerfect.Editor.csproj", "{F806B323-530D-7FA3-3929-7703AA0203EF}"
EndProject
Project("{FAE04EC0-301F-11D3-BF4B-00C04F79EFBC}") = "Unity.VSCode.Editor", "Unity.VSCode.Editor.csproj", "{FC6AE0CB-21E8-E1FA-0D29-71FC7A91E311}"
EndProject
Project("{FAE04EC0-301F-11D3-BF4B-00C04F79EFBC}") = "Unity.2D.Common.Editor", "Unity.2D.Common.Editor.csproj", "{E1EB9CB7-1EE3-B929-5BA0-131FFD07DFB8}"
EndProject
Project("{FAE04EC0-301F-11D3-BF4B-00C04F79EFBC}") = "Unity.Mathematics.Editor", "Unity.Mathematics.Editor.csproj", "{FB358A53-D5CA-2E3A-2612-46DBE8806CF9}"
EndProject
Project("{FAE04EC0-301F-11D3-BF4B-00C04F79EFBC}") = "Unity.InternalAPIEditorBridge.001", "Unity.InternalAPIEditorBridge.001.csproj", "{2399F520-BF71-3357-5B7E-CC21F403EED5}"
EndProject
Project("{FAE04EC0-301F-11D3-BF4B-00C04F79EFBC}") = "UnityEngine.TestRunner", "UnityEngine.TestRunner.Player.csproj", "{A82B25C0-DDAF-CC20-A814-C3AAFD9D6098}"
EndProject
Project("{FAE04EC0-301F-11D3-BF4B-00C04F79EFBC}") = "Unity.Mathematics", "Unity.Mathematics.Player.csproj", "{3594E4B8-2F34-230E-57EB-3AA9C0C85A84}"
EndProject
Project("{FAE04EC0-301F-11D3-BF4B-00C04F79EFBC}") = "Unity.2D.Animation.Triangle.Runtime", "Unity.2D.Animation.Triangle.Runtime.Player.csproj", "{54F06854-0D3A-DB13-8F00-65407AFEED1A}"
EndProject
Project("{FAE04EC0-301F-11D3-BF4B-00C04F79EFBC}") = "Unity.Timeline", "Unity.Timeline.Player.csproj", "{6BFF7FE9-C11A-6213-C25A-B02FF483744E}"
EndProject
Project("{FAE04EC0-301F-11D3-BF4B-00C04F79EFBC}") = "UnityEngine.UI", "UnityEngine.UI.Player.csproj", "{DDC68DA1-DE1E-4199-549F-33CECB8F726A}"
EndProject
Project("{FAE04EC0-301F-11D3-BF4B-00C04F79EFBC}") = "Assembly-CSharp", "Assembly-CSharp.Player.csproj", "{A254CECD-CBEF-1DFE-0DF9-DF00EA63C8D4}"
EndProject
Project("{FAE04EC0-301F-11D3-BF4B-00C04F79EFBC}") = "Unity.TextMeshPro", "Unity.TextMeshPro.Player.csproj", "{D9364DDB-22BD-952E-A7CB-8C45C1ADF129}"
EndProject
Project("{FAE04EC0-301F-11D3-BF4B-00C04F79EFBC}") = "Unity.2D.Animation.Runtime", "Unity.2D.Animation.Runtime.Player.csproj", "{7AA2614D-0222-C7D9-A78B-92A164EB128A}"
EndProject
Project("{FAE04EC0-301F-11D3-BF4B-00C04F79EFBC}") = "Unity.2D.IK.Runtime", "Unity.2D.IK.Runtime.Player.csproj", "{2480C359-640F-2BD2-13A9-28C211ACD9CF}"
EndProject
Project("{FAE04EC0-301F-11D3-BF4B-00C04F79EFBC}") = "Unity.2D.SpriteShape.Runtime", "Unity.2D.SpriteShape.Runtime.Player.csproj", "{0072E90A-4252-95C3-7539-CDD3FDA73023}"
EndProject
Project("{FAE04EC0-301F-11D3-BF4B-00C04F79EFBC}") = "Unity.2D.PixelPerfect", "Unity.2D.PixelPerfect.Player.csproj", "{C6B46498-0338-44C2-CD0C-520A3B1FD550}"
EndProject
Project("{FAE04EC0-301F-11D3-BF4B-00C04F79EFBC}") = "Unity.2D.Common.Runtime", "Unity.2D.Common.Runtime.Player.csproj", "{6EC3C3AA-6497-FB3A-59FA-F54D3C79E62B}"
EndProject
Project("{FAE04EC0-301F-11D3-BF4B-00C04F79EFBC}") = "Unity.InternalAPIEngineBridge.001", "Unity.InternalAPIEngineBridge.001.Player.csproj", "{5B91E437-A3BA-3375-55F5-FE82FA54CDD0}"
EndProject
Global
	GlobalSection(SolutionConfigurationPlatforms) = preSolution
		Debug|Any CPU = Debug|Any CPU
		Release|Any CPU = Release|Any CPU
	EndGlobalSection
	GlobalSection(ProjectConfigurationPlatforms) = postSolution
		{8FEA807F-65CC-778B-F1F6-5B0141CC6CD4}.Debug|Any CPU.ActiveCfg = Debug|Any CPU
		{8FEA807F-65CC-778B-F1F6-5B0141CC6CD4}.Debug|Any CPU.Build.0 = Debug|Any CPU
		{8FEA807F-65CC-778B-F1F6-5B0141CC6CD4}.Release|Any CPU.ActiveCfg = Release|Any CPU
		{8FEA807F-65CC-778B-F1F6-5B0141CC6CD4}.Release|Any CPU.Build.0 = Release|Any CPU
		{6F5E0C56-6E49-7A11-F51B-DAE94218BF9D}.Debug|Any CPU.ActiveCfg = Debug|Any CPU
		{6F5E0C56-6E49-7A11-F51B-DAE94218BF9D}.Debug|Any CPU.Build.0 = Debug|Any CPU
		{6F5E0C56-6E49-7A11-F51B-DAE94218BF9D}.Release|Any CPU.ActiveCfg = Release|Any CPU
		{6F5E0C56-6E49-7A11-F51B-DAE94218BF9D}.Release|Any CPU.Build.0 = Release|Any CPU
		{A3305C52-8826-3DC4-9E28-0CCEEC8E282A}.Debug|Any CPU.ActiveCfg = Debug|Any CPU
		{A3305C52-8826-3DC4-9E28-0CCEEC8E282A}.Debug|Any CPU.Build.0 = Debug|Any CPU
		{A3305C52-8826-3DC4-9E28-0CCEEC8E282A}.Release|Any CPU.ActiveCfg = Release|Any CPU
		{A3305C52-8826-3DC4-9E28-0CCEEC8E282A}.Release|Any CPU.Build.0 = Release|Any CPU
		{3BE423B3-8ED0-C6FC-0302-79D50DC8BD36}.Debug|Any CPU.ActiveCfg = Debug|Any CPU
		{3BE423B3-8ED0-C6FC-0302-79D50DC8BD36}.Debug|Any CPU.Build.0 = Debug|Any CPU
		{3BE423B3-8ED0-C6FC-0302-79D50DC8BD36}.Release|Any CPU.ActiveCfg = Release|Any CPU
		{3BE423B3-8ED0-C6FC-0302-79D50DC8BD36}.Release|Any CPU.Build.0 = Release|Any CPU
		{651BFD1F-6D99-61DA-CD13-2264EEC371F6}.Debug|Any CPU.ActiveCfg = Debug|Any CPU
		{651BFD1F-6D99-61DA-CD13-2264EEC371F6}.Debug|Any CPU.Build.0 = Debug|Any CPU
		{651BFD1F-6D99-61DA-CD13-2264EEC371F6}.Release|Any CPU.ActiveCfg = Release|Any CPU
		{651BFD1F-6D99-61DA-CD13-2264EEC371F6}.Release|Any CPU.Build.0 = Release|Any CPU
		{8138F823-1DC5-E6F5-9C9A-8658B1F5EA77}.Debug|Any CPU.ActiveCfg = Debug|Any CPU
		{8138F823-1DC5-E6F5-9C9A-8658B1F5EA77}.Debug|Any CPU.Build.0 = Debug|Any CPU
		{8138F823-1DC5-E6F5-9C9A-8658B1F5EA77}.Release|Any CPU.ActiveCfg = Release|Any CPU
		{8138F823-1DC5-E6F5-9C9A-8658B1F5EA77}.Release|Any CPU.Build.0 = Release|Any CPU
		{338CF678-BA13-433D-7587-5569B85FB9AB}.Debug|Any CPU.ActiveCfg = Debug|Any CPU
		{338CF678-BA13-433D-7587-5569B85FB9AB}.Debug|Any CPU.Build.0 = Debug|Any CPU
		{338CF678-BA13-433D-7587-5569B85FB9AB}.Release|Any CPU.ActiveCfg = Release|Any CPU
		{338CF678-BA13-433D-7587-5569B85FB9AB}.Release|Any CPU.Build.0 = Release|Any CPU
		{083A7C49-3A6B-8E23-D1F6-731E78E9D782}.Debug|Any CPU.ActiveCfg = Debug|Any CPU
		{083A7C49-3A6B-8E23-D1F6-731E78E9D782}.Debug|Any CPU.Build.0 = Debug|Any CPU
		{083A7C49-3A6B-8E23-D1F6-731E78E9D782}.Release|Any CPU.ActiveCfg = Release|Any CPU
		{083A7C49-3A6B-8E23-D1F6-731E78E9D782}.Release|Any CPU.Build.0 = Release|Any CPU
		{567C6A6A-A087-B7E4-A366-973CBCFAC864}.Debug|Any CPU.ActiveCfg = Debug|Any CPU
		{567C6A6A-A087-B7E4-A366-973CBCFAC864}.Debug|Any CPU.Build.0 = Debug|Any CPU
		{567C6A6A-A087-B7E4-A366-973CBCFAC864}.Release|Any CPU.ActiveCfg = Release|Any CPU
		{567C6A6A-A087-B7E4-A366-973CBCFAC864}.Release|Any CPU.Build.0 = Release|Any CPU
		{897EFE8D-45A3-65E2-C8B1-171AC7F326FB}.Debug|Any CPU.ActiveCfg = Debug|Any CPU
		{897EFE8D-45A3-65E2-C8B1-171AC7F326FB}.Debug|Any CPU.Build.0 = Debug|Any CPU
		{897EFE8D-45A3-65E2-C8B1-171AC7F326FB}.Release|Any CPU.ActiveCfg = Release|Any CPU
		{897EFE8D-45A3-65E2-C8B1-171AC7F326FB}.Release|Any CPU.Build.0 = Release|Any CPU
		{C01E25F1-34AA-E3A7-2BAA-6129A9477104}.Debug|Any CPU.ActiveCfg = Debug|Any CPU
		{C01E25F1-34AA-E3A7-2BAA-6129A9477104}.Debug|Any CPU.Build.0 = Debug|Any CPU
		{C01E25F1-34AA-E3A7-2BAA-6129A9477104}.Release|Any CPU.ActiveCfg = Release|Any CPU
		{C01E25F1-34AA-E3A7-2BAA-6129A9477104}.Release|Any CPU.Build.0 = Release|Any CPU
		{8FD0A1F6-702B-BEDC-9775-F46EC682ECE9}.Debug|Any CPU.ActiveCfg = Debug|Any CPU
		{8FD0A1F6-702B-BEDC-9775-F46EC682ECE9}.Debug|Any CPU.Build.0 = Debug|Any CPU
		{8FD0A1F6-702B-BEDC-9775-F46EC682ECE9}.Release|Any CPU.ActiveCfg = Release|Any CPU
		{8FD0A1F6-702B-BEDC-9775-F46EC682ECE9}.Release|Any CPU.Build.0 = Release|Any CPU
		{2C6D7A3B-0247-EDC3-30EE-BAB8ED681EBF}.Debug|Any CPU.ActiveCfg = Debug|Any CPU
		{2C6D7A3B-0247-EDC3-30EE-BAB8ED681EBF}.Debug|Any CPU.Build.0 = Debug|Any CPU
		{2C6D7A3B-0247-EDC3-30EE-BAB8ED681EBF}.Release|Any CPU.ActiveCfg = Release|Any CPU
		{2C6D7A3B-0247-EDC3-30EE-BAB8ED681EBF}.Release|Any CPU.Build.0 = Release|Any CPU
		{F2301E51-9B9A-5E29-A2BE-0612F35CB4AE}.Debug|Any CPU.ActiveCfg = Debug|Any CPU
		{F2301E51-9B9A-5E29-A2BE-0612F35CB4AE}.Debug|Any CPU.Build.0 = Debug|Any CPU
		{F2301E51-9B9A-5E29-A2BE-0612F35CB4AE}.Release|Any CPU.ActiveCfg = Release|Any CPU
		{F2301E51-9B9A-5E29-A2BE-0612F35CB4AE}.Release|Any CPU.Build.0 = Release|Any CPU
		{845608A0-C78E-7DB1-A332-7BDDDDB14C30}.Debug|Any CPU.ActiveCfg = Debug|Any CPU
		{845608A0-C78E-7DB1-A332-7BDDDDB14C30}.Debug|Any CPU.Build.0 = Debug|Any CPU
		{845608A0-C78E-7DB1-A332-7BDDDDB14C30}.Release|Any CPU.ActiveCfg = Release|Any CPU
		{845608A0-C78E-7DB1-A332-7BDDDDB14C30}.Release|Any CPU.Build.0 = Release|Any CPU
		{E098BFD1-8454-ED1C-9F7F-5FA69069000D}.Debug|Any CPU.ActiveCfg = Debug|Any CPU
		{E098BFD1-8454-ED1C-9F7F-5FA69069000D}.Debug|Any CPU.Build.0 = Debug|Any CPU
		{E098BFD1-8454-ED1C-9F7F-5FA69069000D}.Release|Any CPU.ActiveCfg = Release|Any CPU
		{E098BFD1-8454-ED1C-9F7F-5FA69069000D}.Release|Any CPU.Build.0 = Release|Any CPU
		{7DCB6E27-4350-D3F7-3666-04889DFD34CC}.Debug|Any CPU.ActiveCfg = Debug|Any CPU
		{7DCB6E27-4350-D3F7-3666-04889DFD34CC}.Debug|Any CPU.Build.0 = Debug|Any CPU
		{7DCB6E27-4350-D3F7-3666-04889DFD34CC}.Release|Any CPU.ActiveCfg = Release|Any CPU
		{7DCB6E27-4350-D3F7-3666-04889DFD34CC}.Release|Any CPU.Build.0 = Release|Any CPU
		{B184344F-D1CF-2F9B-A14C-1FC310AC2DCF}.Debug|Any CPU.ActiveCfg = Debug|Any CPU
		{B184344F-D1CF-2F9B-A14C-1FC310AC2DCF}.Debug|Any CPU.Build.0 = Debug|Any CPU
		{B184344F-D1CF-2F9B-A14C-1FC310AC2DCF}.Release|Any CPU.ActiveCfg = Release|Any CPU
		{B184344F-D1CF-2F9B-A14C-1FC310AC2DCF}.Release|Any CPU.Build.0 = Release|Any CPU
		{671C6360-79C8-5060-C540-E57A9A99FB19}.Debug|Any CPU.ActiveCfg = Debug|Any CPU
		{671C6360-79C8-5060-C540-E57A9A99FB19}.Debug|Any CPU.Build.0 = Debug|Any CPU
		{671C6360-79C8-5060-C540-E57A9A99FB19}.Release|Any CPU.ActiveCfg = Release|Any CPU
		{671C6360-79C8-5060-C540-E57A9A99FB19}.Release|Any CPU.Build.0 = Release|Any CPU
		{1D9ECC4F-A37E-3A16-E195-8048B37006F1}.Debug|Any CPU.ActiveCfg = Debug|Any CPU
		{1D9ECC4F-A37E-3A16-E195-8048B37006F1}.Debug|Any CPU.Build.0 = Debug|Any CPU
		{1D9ECC4F-A37E-3A16-E195-8048B37006F1}.Release|Any CPU.ActiveCfg = Release|Any CPU
		{1D9ECC4F-A37E-3A16-E195-8048B37006F1}.Release|Any CPU.Build.0 = Release|Any CPU
		{E7CD0B31-3192-A182-3D89-28B4549C4034}.Debug|Any CPU.ActiveCfg = Debug|Any CPU
		{E7CD0B31-3192-A182-3D89-28B4549C4034}.Debug|Any CPU.Build.0 = Debug|Any CPU
		{E7CD0B31-3192-A182-3D89-28B4549C4034}.Release|Any CPU.ActiveCfg = Release|Any CPU
		{E7CD0B31-3192-A182-3D89-28B4549C4034}.Release|Any CPU.Build.0 = Release|Any CPU
		{1EC2EE7D-B651-035C-21EE-84B966435E27}.Debug|Any CPU.ActiveCfg = Debug|Any CPU
		{1EC2EE7D-B651-035C-21EE-84B966435E27}.Debug|Any CPU.Build.0 = Debug|Any CPU
		{1EC2EE7D-B651-035C-21EE-84B966435E27}.Release|Any CPU.ActiveCfg = Release|Any CPU
		{1EC2EE7D-B651-035C-21EE-84B966435E27}.Release|Any CPU.Build.0 = Release|Any CPU
		{D844FA80-36B6-9944-7440-B1060F5C68B3}.Debug|Any CPU.ActiveCfg = Debug|Any CPU
		{D844FA80-36B6-9944-7440-B1060F5C68B3}.Debug|Any CPU.Build.0 = Debug|Any CPU
		{D844FA80-36B6-9944-7440-B1060F5C68B3}.Release|Any CPU.ActiveCfg = Release|Any CPU
		{D844FA80-36B6-9944-7440-B1060F5C68B3}.Release|Any CPU.Build.0 = Release|Any CPU
		{4F2A5E6A-9B7C-3E17-1E8E-D20C1FF5EA48}.Debug|Any CPU.ActiveCfg = Debug|Any CPU
		{4F2A5E6A-9B7C-3E17-1E8E-D20C1FF5EA48}.Debug|Any CPU.Build.0 = Debug|Any CPU
		{4F2A5E6A-9B7C-3E17-1E8E-D20C1FF5EA48}.Release|Any CPU.ActiveCfg = Release|Any CPU
		{4F2A5E6A-9B7C-3E17-1E8E-D20C1FF5EA48}.Release|Any CPU.Build.0 = Release|Any CPU
		{3F07859A-6DC7-10D7-4F68-9D20DEE30860}.Debug|Any CPU.ActiveCfg = Debug|Any CPU
		{3F07859A-6DC7-10D7-4F68-9D20DEE30860}.Debug|Any CPU.Build.0 = Debug|Any CPU
		{3F07859A-6DC7-10D7-4F68-9D20DEE30860}.Release|Any CPU.ActiveCfg = Release|Any CPU
		{3F07859A-6DC7-10D7-4F68-9D20DEE30860}.Release|Any CPU.Build.0 = Release|Any CPU
		{50503F1D-2643-0A61-9CB1-9D4ACDC493BB}.Debug|Any CPU.ActiveCfg = Debug|Any CPU
		{50503F1D-2643-0A61-9CB1-9D4ACDC493BB}.Debug|Any CPU.Build.0 = Debug|Any CPU
		{50503F1D-2643-0A61-9CB1-9D4ACDC493BB}.Release|Any CPU.ActiveCfg = Release|Any CPU
		{50503F1D-2643-0A61-9CB1-9D4ACDC493BB}.Release|Any CPU.Build.0 = Release|Any CPU
		{03AAEE5D-A81D-5D9E-EDDB-68B9E90A66A9}.Debug|Any CPU.ActiveCfg = Debug|Any CPU
		{03AAEE5D-A81D-5D9E-EDDB-68B9E90A66A9}.Debug|Any CPU.Build.0 = Debug|Any CPU
		{03AAEE5D-A81D-5D9E-EDDB-68B9E90A66A9}.Release|Any CPU.ActiveCfg = Release|Any CPU
		{03AAEE5D-A81D-5D9E-EDDB-68B9E90A66A9}.Release|Any CPU.Build.0 = Release|Any CPU
		{90614053-2636-60B6-D6D7-C28CB0CB3FFA}.Debug|Any CPU.ActiveCfg = Debug|Any CPU
		{90614053-2636-60B6-D6D7-C28CB0CB3FFA}.Debug|Any CPU.Build.0 = Debug|Any CPU
		{90614053-2636-60B6-D6D7-C28CB0CB3FFA}.Release|Any CPU.ActiveCfg = Release|Any CPU
		{90614053-2636-60B6-D6D7-C28CB0CB3FFA}.Release|Any CPU.Build.0 = Release|Any CPU
		{F806B323-530D-7FA3-3929-7703AA0203EF}.Debug|Any CPU.ActiveCfg = Debug|Any CPU
		{F806B323-530D-7FA3-3929-7703AA0203EF}.Debug|Any CPU.Build.0 = Debug|Any CPU
		{F806B323-530D-7FA3-3929-7703AA0203EF}.Release|Any CPU.ActiveCfg = Release|Any CPU
		{F806B323-530D-7FA3-3929-7703AA0203EF}.Release|Any CPU.Build.0 = Release|Any CPU
		{FC6AE0CB-21E8-E1FA-0D29-71FC7A91E311}.Debug|Any CPU.ActiveCfg = Debug|Any CPU
		{FC6AE0CB-21E8-E1FA-0D29-71FC7A91E311}.Debug|Any CPU.Build.0 = Debug|Any CPU
		{FC6AE0CB-21E8-E1FA-0D29-71FC7A91E311}.Release|Any CPU.ActiveCfg = Release|Any CPU
		{FC6AE0CB-21E8-E1FA-0D29-71FC7A91E311}.Release|Any CPU.Build.0 = Release|Any CPU
		{E1EB9CB7-1EE3-B929-5BA0-131FFD07DFB8}.Debug|Any CPU.ActiveCfg = Debug|Any CPU
		{E1EB9CB7-1EE3-B929-5BA0-131FFD07DFB8}.Debug|Any CPU.Build.0 = Debug|Any CPU
		{E1EB9CB7-1EE3-B929-5BA0-131FFD07DFB8}.Release|Any CPU.ActiveCfg = Release|Any CPU
		{E1EB9CB7-1EE3-B929-5BA0-131FFD07DFB8}.Release|Any CPU.Build.0 = Release|Any CPU
		{FB358A53-D5CA-2E3A-2612-46DBE8806CF9}.Debug|Any CPU.ActiveCfg = Debug|Any CPU
		{FB358A53-D5CA-2E3A-2612-46DBE8806CF9}.Debug|Any CPU.Build.0 = Debug|Any CPU
		{FB358A53-D5CA-2E3A-2612-46DBE8806CF9}.Release|Any CPU.ActiveCfg = Release|Any CPU
		{FB358A53-D5CA-2E3A-2612-46DBE8806CF9}.Release|Any CPU.Build.0 = Release|Any CPU
		{2399F520-BF71-3357-5B7E-CC21F403EED5}.Debug|Any CPU.ActiveCfg = Debug|Any CPU
		{2399F520-BF71-3357-5B7E-CC21F403EED5}.Debug|Any CPU.Build.0 = Debug|Any CPU
		{2399F520-BF71-3357-5B7E-CC21F403EED5}.Release|Any CPU.ActiveCfg = Release|Any CPU
		{2399F520-BF71-3357-5B7E-CC21F403EED5}.Release|Any CPU.Build.0 = Release|Any CPU
		{A82B25C0-DDAF-CC20-A814-C3AAFD9D6098}.Debug|Any CPU.ActiveCfg = Debug|Any CPU
		{A82B25C0-DDAF-CC20-A814-C3AAFD9D6098}.Debug|Any CPU.Build.0 = Debug|Any CPU
		{A82B25C0-DDAF-CC20-A814-C3AAFD9D6098}.Release|Any CPU.ActiveCfg = Release|Any CPU
		{A82B25C0-DDAF-CC20-A814-C3AAFD9D6098}.Release|Any CPU.Build.0 = Release|Any CPU
		{3594E4B8-2F34-230E-57EB-3AA9C0C85A84}.Debug|Any CPU.ActiveCfg = Debug|Any CPU
		{3594E4B8-2F34-230E-57EB-3AA9C0C85A84}.Debug|Any CPU.Build.0 = Debug|Any CPU
		{3594E4B8-2F34-230E-57EB-3AA9C0C85A84}.Release|Any CPU.ActiveCfg = Release|Any CPU
		{3594E4B8-2F34-230E-57EB-3AA9C0C85A84}.Release|Any CPU.Build.0 = Release|Any CPU
		{54F06854-0D3A-DB13-8F00-65407AFEED1A}.Debug|Any CPU.ActiveCfg = Debug|Any CPU
		{54F06854-0D3A-DB13-8F00-65407AFEED1A}.Debug|Any CPU.Build.0 = Debug|Any CPU
		{54F06854-0D3A-DB13-8F00-65407AFEED1A}.Release|Any CPU.ActiveCfg = Release|Any CPU
		{54F06854-0D3A-DB13-8F00-65407AFEED1A}.Release|Any CPU.Build.0 = Release|Any CPU
		{6BFF7FE9-C11A-6213-C25A-B02FF483744E}.Debug|Any CPU.ActiveCfg = Debug|Any CPU
		{6BFF7FE9-C11A-6213-C25A-B02FF483744E}.Debug|Any CPU.Build.0 = Debug|Any CPU
		{6BFF7FE9-C11A-6213-C25A-B02FF483744E}.Release|Any CPU.ActiveCfg = Release|Any CPU
		{6BFF7FE9-C11A-6213-C25A-B02FF483744E}.Release|Any CPU.Build.0 = Release|Any CPU
		{DDC68DA1-DE1E-4199-549F-33CECB8F726A}.Debug|Any CPU.ActiveCfg = Debug|Any CPU
		{DDC68DA1-DE1E-4199-549F-33CECB8F726A}.Debug|Any CPU.Build.0 = Debug|Any CPU
		{DDC68DA1-DE1E-4199-549F-33CECB8F726A}.Release|Any CPU.ActiveCfg = Release|Any CPU
		{DDC68DA1-DE1E-4199-549F-33CECB8F726A}.Release|Any CPU.Build.0 = Release|Any CPU
		{A254CECD-CBEF-1DFE-0DF9-DF00EA63C8D4}.Debug|Any CPU.ActiveCfg = Debug|Any CPU
		{A254CECD-CBEF-1DFE-0DF9-DF00EA63C8D4}.Debug|Any CPU.Build.0 = Debug|Any CPU
		{A254CECD-CBEF-1DFE-0DF9-DF00EA63C8D4}.Release|Any CPU.ActiveCfg = Release|Any CPU
		{A254CECD-CBEF-1DFE-0DF9-DF00EA63C8D4}.Release|Any CPU.Build.0 = Release|Any CPU
		{D9364DDB-22BD-952E-A7CB-8C45C1ADF129}.Debug|Any CPU.ActiveCfg = Debug|Any CPU
		{D9364DDB-22BD-952E-A7CB-8C45C1ADF129}.Debug|Any CPU.Build.0 = Debug|Any CPU
		{D9364DDB-22BD-952E-A7CB-8C45C1ADF129}.Release|Any CPU.ActiveCfg = Release|Any CPU
		{D9364DDB-22BD-952E-A7CB-8C45C1ADF129}.Release|Any CPU.Build.0 = Release|Any CPU
		{7AA2614D-0222-C7D9-A78B-92A164EB128A}.Debug|Any CPU.ActiveCfg = Debug|Any CPU
		{7AA2614D-0222-C7D9-A78B-92A164EB128A}.Debug|Any CPU.Build.0 = Debug|Any CPU
		{7AA2614D-0222-C7D9-A78B-92A164EB128A}.Release|Any CPU.ActiveCfg = Release|Any CPU
		{7AA2614D-0222-C7D9-A78B-92A164EB128A}.Release|Any CPU.Build.0 = Release|Any CPU
		{2480C359-640F-2BD2-13A9-28C211ACD9CF}.Debug|Any CPU.ActiveCfg = Debug|Any CPU
		{2480C359-640F-2BD2-13A9-28C211ACD9CF}.Debug|Any CPU.Build.0 = Debug|Any CPU
		{2480C359-640F-2BD2-13A9-28C211ACD9CF}.Release|Any CPU.ActiveCfg = Release|Any CPU
		{2480C359-640F-2BD2-13A9-28C211ACD9CF}.Release|Any CPU.Build.0 = Release|Any CPU
		{0072E90A-4252-95C3-7539-CDD3FDA73023}.Debug|Any CPU.ActiveCfg = Debug|Any CPU
		{0072E90A-4252-95C3-7539-CDD3FDA73023}.Debug|Any CPU.Build.0 = Debug|Any CPU
		{0072E90A-4252-95C3-7539-CDD3FDA73023}.Release|Any CPU.ActiveCfg = Release|Any CPU
		{0072E90A-4252-95C3-7539-CDD3FDA73023}.Release|Any CPU.Build.0 = Release|Any CPU
		{C6B46498-0338-44C2-CD0C-520A3B1FD550}.Debug|Any CPU.ActiveCfg = Debug|Any CPU
		{C6B46498-0338-44C2-CD0C-520A3B1FD550}.Debug|Any CPU.Build.0 = Debug|Any CPU
		{C6B46498-0338-44C2-CD0C-520A3B1FD550}.Release|Any CPU.ActiveCfg = Release|Any CPU
		{C6B46498-0338-44C2-CD0C-520A3B1FD550}.Release|Any CPU.Build.0 = Release|Any CPU
		{6EC3C3AA-6497-FB3A-59FA-F54D3C79E62B}.Debug|Any CPU.ActiveCfg = Debug|Any CPU
		{6EC3C3AA-6497-FB3A-59FA-F54D3C79E62B}.Debug|Any CPU.Build.0 = Debug|Any CPU
		{6EC3C3AA-6497-FB3A-59FA-F54D3C79E62B}.Release|Any CPU.ActiveCfg = Release|Any CPU
		{6EC3C3AA-6497-FB3A-59FA-F54D3C79E62B}.Release|Any CPU.Build.0 = Release|Any CPU
		{5B91E437-A3BA-3375-55F5-FE82FA54CDD0}.Debug|Any CPU.ActiveCfg = Debug|Any CPU
		{5B91E437-A3BA-3375-55F5-FE82FA54CDD0}.Debug|Any CPU.Build.0 = Debug|Any CPU
		{5B91E437-A3BA-3375-55F5-FE82FA54CDD0}.Release|Any CPU.ActiveCfg = Release|Any CPU
		{5B91E437-A3BA-3375-55F5-FE82FA54CDD0}.Release|Any CPU.Build.0 = Release|Any CPU
	EndGlobalSection
	GlobalSection(SolutionProperties) = preSolution
		HideSolutionNode = FALSE
	EndGlobalSection
EndGlobal
